
Microsoft Visual Studio Solution File, Format Version 12.00
# Visual Studio Version 16
VisualStudioVersion = 16.0.30517.126
MinimumVisualStudioVersion = 10.0.40219.1
Project("{FAE04EC0-301F-11D3-BF4B-00C04F79EFBC}") = "MoreStrings", "MoreStrings\MoreStrings.csproj", "{83388D77-FC11-47B0-9D6D-C09A0A8C361E}"
EndProject
Project("{FAE04EC0-301F-11D3-BF4B-00C04F79EFBC}") = "AnotherStringToReverse", "AnotherStringToReverse\AnotherStringToReverse.csproj", "{5ED18769-83B9-4804-9E69-7EC9D24A7E8A}"
EndProject
Project("{FAE04EC0-301F-11D3-BF4B-00C04F79EFBC}") = "ACharCounter", "ACharCounter\ACharCounter.csproj", "{BD0CC39B-CF2F-46DD-A669-0045C219F851}"
EndProject
Project("{FAE04EC0-301F-11D3-BF4B-00C04F79EFBC}") = "HOLCounter", "HOLCounter\HOLCounter.csproj", "{00F49429-3666-42CE-9970-61CA04BBCE14}"
EndProject
Global
	GlobalSection(SolutionConfigurationPlatforms) = preSolution
		Debug|Any CPU = Debug|Any CPU
		Release|Any CPU = Release|Any CPU
	EndGlobalSection
	GlobalSection(ProjectConfigurationPlatforms) = postSolution
		{83388D77-FC11-47B0-9D6D-C09A0A8C361E}.Debug|Any CPU.ActiveCfg = Debug|Any CPU
		{83388D77-FC11-47B0-9D6D-C09A0A8C361E}.Debug|Any CPU.Build.0 = Debug|Any CPU
		{83388D77-FC11-47B0-9D6D-C09A0A8C361E}.Release|Any CPU.ActiveCfg = Release|Any CPU
		{83388D77-FC11-47B0-9D6D-C09A0A8C361E}.Release|Any CPU.Build.0 = Release|Any CPU
		{5ED18769-83B9-4804-9E69-7EC9D24A7E8A}.Debug|Any CPU.ActiveCfg = Debug|Any CPU
		{5ED18769-83B9-4804-9E69-7EC9D24A7E8A}.Debug|Any CPU.Build.0 = Debug|Any CPU
		{5ED18769-83B9-4804-9E69-7EC9D24A7E8A}.Release|Any CPU.ActiveCfg = Release|Any CPU
		{5ED18769-83B9-4804-9E69-7EC9D24A7E8A}.Release|Any CPU.Build.0 = Release|Any CPU
		{BD0CC39B-CF2F-46DD-A669-0045C219F851}.Debug|Any CPU.ActiveCfg = Debug|Any CPU
		{BD0CC39B-CF2F-46DD-A669-0045C219F851}.Debug|Any CPU.Build.0 = Debug|Any CPU
		{BD0CC39B-CF2F-46DD-A669-0045C219F851}.Release|Any CPU.ActiveCfg = Release|Any CPU
		{BD0CC39B-CF2F-46DD-A669-0045C219F851}.Release|Any CPU.Build.0 = Release|Any CPU
		{00F49429-3666-42CE-9970-61CA04BBCE14}.Debug|Any CPU.ActiveCfg = Debug|Any CPU
		{00F49429-3666-42CE-9970-61CA04BBCE14}.Debug|Any CPU.Build.0 = Debug|Any CPU
		{00F49429-3666-42CE-9970-61CA04BBCE14}.Release|Any CPU.ActiveCfg = Release|Any CPU
		{00F49429-3666-42CE-9970-61CA04BBCE14}.Release|Any CPU.Build.0 = Release|Any CPU
	EndGlobalSection
	GlobalSection(SolutionProperties) = preSolution
		HideSolutionNode = FALSE
	EndGlobalSection
	GlobalSection(ExtensibilityGlobals) = postSolution
		SolutionGuid = {259205DB-1374-45FF-932D-6650F36F2ED9}
	EndGlobalSection
EndGlobal
